{
  "name": "codex-project-progress",
  "version": "0.3.0",
  "lockfileVersion": 3,
  "requires": true,
  "packages": {
    "": {
      "name": "codex-project-progress",
      "version": "0.3.0",
      "license": "MIT",
      "bin": {
        "codex-project-progress": "skills/track-project-progress/scripts/progress.mjs"
      },
      "engines": {
        "node": ">=18"
      }
    }
  }
}
